
Microsoft Visual Studio Solution File, Format Version 12.00
# Visual Studio Version 17
VisualStudioVersion = 17.7.34031.279
MinimumVisualStudioVersion = 10.0.40219.1
Project("{8BC9CEB8-8B4A-11D0-8D11-00A0C91BC942}") = "Task_7", "Task_7\Task_7.vcxproj", "{35B58BDC-961A-435A-9A87-C41E919D1920}"
EndProject
Global
	GlobalSection(SolutionConfigurationPlatforms) = preSolution
		Debug|x64 = Debug|x64
		Debug|x86 = Debug|x86
		Release|x64 = Release|x64
		Release|x86 = Release|x86
	EndGlobalSection
	GlobalSection(ProjectConfigurationPlatforms) = postSolution
		{35B58BDC-961A-435A-9A87-C41E919D1920}.Debug|x64.ActiveCfg = Debug|x64
		{35B58BDC-961A-435A-9A87-C41E919D1920}.Debug|x64.Build.0 = Debug|x64
		{35B58BDC-961A-435A-9A87-C41E919D1920}.Debug|x86.ActiveCfg = Debug|Win32
		{35B58BDC-961A-435A-9A87-C41E919D1920}.Debug|x86.Build.0 = Debug|Win32
		{35B58BDC-961A-435A-9A87-C41E919D1920}.Release|x64.ActiveCfg = Release|x64
		{35B58BDC-961A-435A-9A87-C41E919D1920}.Release|x64.Build.0 = Release|x64
		{35B58BDC-961A-435A-9A87-C41E919D1920}.Release|x86.ActiveCfg = Release|Win32
		{35B58BDC-961A-435A-9A87-C41E919D1920}.Release|x86.Build.0 = Release|Win32
	EndGlobalSection
	GlobalSection(SolutionProperties) = preSolution
		HideSolutionNode = FALSE
	EndGlobalSection
	GlobalSection(ExtensibilityGlobals) = postSolution
		SolutionGuid = {EA623980-40FF-4085-A163-26AB89879384}
	EndGlobalSection
EndGlobal
