
Microsoft Visual Studio Solution File, Format Version 12.00
# Visual Studio Version 17
VisualStudioVersion = 17.7.34031.279
MinimumVisualStudioVersion = 10.0.40219.1
Project("{8BC9CEB8-8B4A-11D0-8D11-00A0C91BC942}") = "Task_7.2", "Task_7.2\Task_7.2.vcxproj", "{DE9B187B-F397-442F-9DD7-536D643EE2D4}"
EndProject
Global
	GlobalSection(SolutionConfigurationPlatforms) = preSolution
		Debug|x64 = Debug|x64
		Debug|x86 = Debug|x86
		Release|x64 = Release|x64
		Release|x86 = Release|x86
	EndGlobalSection
	GlobalSection(ProjectConfigurationPlatforms) = postSolution
		{DE9B187B-F397-442F-9DD7-536D643EE2D4}.Debug|x64.ActiveCfg = Debug|x64
		{DE9B187B-F397-442F-9DD7-536D643EE2D4}.Debug|x64.Build.0 = Debug|x64
		{DE9B187B-F397-442F-9DD7-536D643EE2D4}.Debug|x86.ActiveCfg = Debug|Win32
		{DE9B187B-F397-442F-9DD7-536D643EE2D4}.Debug|x86.Build.0 = Debug|Win32
		{DE9B187B-F397-442F-9DD7-536D643EE2D4}.Release|x64.ActiveCfg = Release|x64
		{DE9B187B-F397-442F-9DD7-536D643EE2D4}.Release|x64.Build.0 = Release|x64
		{DE9B187B-F397-442F-9DD7-536D643EE2D4}.Release|x86.ActiveCfg = Release|Win32
		{DE9B187B-F397-442F-9DD7-536D643EE2D4}.Release|x86.Build.0 = Release|Win32
	EndGlobalSection
	GlobalSection(SolutionProperties) = preSolution
		HideSolutionNode = FALSE
	EndGlobalSection
	GlobalSection(ExtensibilityGlobals) = postSolution
		SolutionGuid = {FF715427-6016-4C3C-A234-C65B6260C45B}
	EndGlobalSection
EndGlobal
